
Microsoft Visual Studio Solution File, Format Version 12.00
# Visual Studio 15
VisualStudioVersion = 15.0.27703.2042
MinimumVisualStudioVersion = 10.0.40219.1
Project("{FAE04EC0-301F-11D3-BF4B-00C04F79EFBC}") = "RPAUserAdminOJT", "RPAUserAdminOJT\RPAUserAdminOJT.csproj", "{765613A1-0E50-4B34-8331-3C33FFD9536F}"
EndProject
Global
	GlobalSection(SolutionConfigurationPlatforms) = preSolution
		Debug|Any CPU = Debug|Any CPU
		Release|Any CPU = Release|Any CPU
	EndGlobalSection
	GlobalSection(ProjectConfigurationPlatforms) = postSolution
		{765613A1-0E50-4B34-8331-3C33FFD9536F}.Debug|Any CPU.ActiveCfg = Debug|Any CPU
		{765613A1-0E50-4B34-8331-3C33FFD9536F}.Debug|Any CPU.Build.0 = Debug|Any CPU
		{765613A1-0E50-4B34-8331-3C33FFD9536F}.Release|Any CPU.ActiveCfg = Release|Any CPU
		{765613A1-0E50-4B34-8331-3C33FFD9536F}.Release|Any CPU.Build.0 = Release|Any CPU
	EndGlobalSection
	GlobalSection(SolutionProperties) = preSolution
		HideSolutionNode = FALSE
	EndGlobalSection
	GlobalSection(ExtensibilityGlobals) = postSolution
		SolutionGuid = {BA8D3D60-224A-4F49-A51A-04839B71C88D}
	EndGlobalSection
EndGlobal
